{
  "name": "fms",
  "version": "0.0.1",
  "lockfileVersion": 1,
  "requires": true,
  "dependencies": {
    "accepts": {
      "version": "1.3.5",
      "resolved": "https://registry.npmjs.org/accepts/-/accepts-1.3.5.tgz",
      "integrity": "sha1-63d99gEXI6OxTopywIBcjoZ0a9I=",
      "requires": {
        "mime-types": "~2.1.18",
        "negotiator": "0.6.1"
      }
    },
    "array-flatten": {
      "version": "1.1.1",
      "resolved": "https://registry.npmjs.org/array-flatten/-/array-flatten-1.1.1.tgz",
      "integrity": "sha1-ml9pkFGx5wczKPKgCJaLZOopVdI="
    },
    "async": {
      "version": "2.6.0",
      "resolved": "https://registry.npmjs.org/async/-/async-2.6.0.tgz",
      "integrity": "sha512-xAfGg1/NTLBBKlHFmnd7PlmUW9KhVQIUuSrYem9xzFUZy13ScvtyGGejaae9iAVRiRq9+Cx7DPFaAAhCpyxyPw==",
      "requires": {
        "lodash": "^4.14.0"
      }
    },
    "basic-auth": {
      "version": "2.0.1",
      "resolved": "https://registry.npmjs.org/basic-auth/-/basic-auth-2.0.1.tgz",
      "integrity": "sha512-NF+epuEdnUYVlGuhaxbbq+dvJttwLnGY+YixlXlME5KpQ5W3CnXA5cVTneY3SPbPDRkcjMbifrwmFYcClgOZeg==",
      "requires": {
        "safe-buffer": "5.1.2"
      }
    },
    "bluebird": {
      "version": "3.5.0",
      "resolved": "https://registry.npmjs.org/bluebird/-/bluebird-3.5.0.tgz",
      "integrity": "sha1-eRQg1/VR7qKJdFOop3ZT+WYG1nw="
    },
    "body-parser": {
      "version": "1.18.3",
      "resolved": "https://registry.npmjs.org/body-parser/-/body-parser-1.18.3.tgz",
      "integrity": "sha1-WykhmP/dVTs6DyDe0FkrlWlVyLQ=",
      "requires": {
        "bytes": "3.0.0",
        "content-type": "~1.0.4",
        "debug": "2.6.9",
        "depd": "~1.1.2",
        "http-errors": "~1.6.3",
        "iconv-lite": "0.4.23",
        "on-finished": "~2.3.0",
        "qs": "6.5.2",
        "raw-body": "2.3.3",
        "type-is": "~1.6.16"
      }
    },
    "bson": {
      "version": "1.0.9",
      "resolved": "https://registry.npmjs.org/bson/-/bson-1.0.9.tgz",
      "integrity": "sha512-IQX9/h7WdMBIW/q/++tGd+emQr0XMdeZ6icnT/74Xk9fnabWn+gZgpE+9V+gujL3hhJOoNrnDVY7tWdzc7NUTg=="
    },
    "buffer-shims": {
      "version": "1.0.0",
      "resolved": "https://registry.npmjs.org/buffer-shims/-/buffer-shims-1.0.0.tgz",
      "integrity": "sha1-mXjOMXOIxkmth5MCjDR37wRKi1E="
    },
    "bytes": {
      "version": "3.0.0",
      "resolved": "https://registry.npmjs.org/bytes/-/bytes-3.0.0.tgz",
      "integrity": "sha1-0ygVQE1olpn4Wk6k+odV3ROpYEg="
    },
    "camelize": {
      "version": "1.0.0",
      "resolved": "https://registry.npmjs.org/camelize/-/camelize-1.0.0.tgz",
      "integrity": "sha1-FkpUg+Yw+kMh5a8HAg5TGDGyYJs="
    },
    "content-disposition": {
      "version": "0.5.2",
      "resolved": "https://registry.npmjs.org/content-disposition/-/content-disposition-0.5.2.tgz",
      "integrity": "sha1-DPaLud318r55YcOoUXjLhdunjLQ="
    },
    "content-security-policy-builder": {
      "version": "2.0.0",
      "resolved": "https://registry.npmjs.org/content-security-policy-builder/-/content-security-policy-builder-2.0.0.tgz",
      "integrity": "sha512-j+Nhmj1yfZAikJLImCvPJFE29x/UuBi+/MWqggGGc515JKaZrjuei2RhULJmy0MsstW3E3htl002bwmBNMKr7w=="
    },
    "content-type": {
      "version": "1.0.4",
      "resolved": "https://registry.npmjs.org/content-type/-/content-type-1.0.4.tgz",
      "integrity": "sha512-hIP3EEPs8tB9AT1L+NUqtwOAps4mk2Zob89MWXMHjHWg9milF/j4osnnQLXBCBFBk/tvIG/tUc9mOUJiPBhPXA=="
    },
    "cookie": {
      "version": "0.3.1",
      "resolved": "https://registry.npmjs.org/cookie/-/cookie-0.3.1.tgz",
      "integrity": "sha1-5+Ch+e9DtMi6klxcWpboBtFoc7s="
    },
    "cookie-parser": {
      "version": "1.4.4",
      "resolved": "https://registry.npmjs.org/cookie-parser/-/cookie-parser-1.4.4.tgz",
      "integrity": "sha512-lo13tqF3JEtFO7FyA49CqbhaFkskRJ0u/UAiINgrIXeRCY41c88/zxtrECl8AKH3B0hj9q10+h3Kt8I7KlW4tw==",
      "requires": {
        "cookie": "0.3.1",
        "cookie-signature": "1.0.6"
      }
    },
    "cookie-signature": {
      "version": "1.0.6",
      "resolved": "https://registry.npmjs.org/cookie-signature/-/cookie-signature-1.0.6.tgz",
      "integrity": "sha1-4wOogrNCzD7oylE6eZmXNNqzriw="
    },
    "core-util-is": {
      "version": "1.0.2",
      "resolved": "https://registry.npmjs.org/core-util-is/-/core-util-is-1.0.2.tgz",
      "integrity": "sha1-tf1UIgqivFq1eqtxQMlAdUUDwac="
    },
    "crc": {
      "version": "3.4.4",
      "resolved": "https://registry.npmjs.org/crc/-/crc-3.4.4.tgz",
      "integrity": "sha1-naHpgOO9RPxck79as9ozeNheRms="
    },
    "csrf": {
      "version": "3.0.6",
      "resolved": "https://registry.npmjs.org/csrf/-/csrf-3.0.6.tgz",
      "integrity": "sha1-thEg3c7q/JHnbtUxO7XAsmZ7cQo=",
      "requires": {
        "rndm": "1.2.0",
        "tsscmp": "1.0.5",
        "uid-safe": "2.1.4"
      }
    },
    "csurf": {
      "version": "1.9.0",
      "resolved": "https://registry.npmjs.org/csurf/-/csurf-1.9.0.tgz",
      "integrity": "sha1-SdLGkl/87Ht95VlZfBU/pTM2QTM=",
      "requires": {
        "cookie": "0.3.1",
        "cookie-signature": "1.0.6",
        "csrf": "~3.0.3",
        "http-errors": "~1.5.0"
      },
      "dependencies": {
        "http-errors": {
          "version": "1.5.1",
          "resolved": "https://registry.npmjs.org/http-errors/-/http-errors-1.5.1.tgz",
          "integrity": "sha1-eIwNLB3iyBuebowBhDtrl+uSB1A=",
          "requires": {
            "inherits": "2.0.3",
            "setprototypeof": "1.0.2",
            "statuses": ">= 1.3.1 < 2"
          }
        },
        "setprototypeof": {
          "version": "1.0.2",
          "resolved": "https://registry.npmjs.org/setprototypeof/-/setprototypeof-1.0.2.tgz",
          "integrity": "sha1-gaVSFB7BBLiOic44MQOtXGZWTQg="
        }
      }
    },
    "dasherize": {
      "version": "2.0.0",
      "resolved": "https://registry.npmjs.org/dasherize/-/dasherize-2.0.0.tgz",
      "integrity": "sha1-bYCcnNDPe7iVLYD8hPoT1H3bEwg="
    },
    "debug": {
      "version": "2.6.9",
      "resolved": "https://registry.npmjs.org/debug/-/debug-2.6.9.tgz",
      "integrity": "sha512-bC7ElrdJaJnPbAP+1EotYvqZsb3ecl5wi6Bfi6BJTUcNowp6cvspg0jXznRTKDjm/E7AdgFBVeAPVMNcKGsHMA==",
      "requires": {
        "ms": "2.0.0"
      }
    },
    "depd": {
      "version": "1.1.2",
      "resolved": "https://registry.npmjs.org/depd/-/depd-1.1.2.tgz",
      "integrity": "sha1-m81S4UwJd2PnSbJ0xDRu0uVgtak="
    },
    "destroy": {
      "version": "1.0.4",
      "resolved": "https://registry.npmjs.org/destroy/-/destroy-1.0.4.tgz",
      "integrity": "sha1-l4hXRCxEdJ5CBmE+N5RiBYJqvYA="
    },
    "dns-prefetch-control": {
      "version": "0.1.0",
      "resolved": "https://registry.npmjs.org/dns-prefetch-control/-/dns-prefetch-control-0.1.0.tgz",
      "integrity": "sha1-YN20V3dOF48flBXwyrsOhbCzALI="
    },
    "dont-sniff-mimetype": {
      "version": "1.0.0",
      "resolved": "https://registry.npmjs.org/dont-sniff-mimetype/-/dont-sniff-mimetype-1.0.0.tgz",
      "integrity": "sha1-WTKJDcn04vGeXrAqIAJuXl78j1g="
    },
    "ee-first": {
      "version": "1.1.1",
      "resolved": "https://registry.npmjs.org/ee-first/-/ee-first-1.1.1.tgz",
      "integrity": "sha1-WQxhFWsK4vTwJVcyoViyZrxWsh0="
    },
    "ejs": {
      "version": "2.6.1",
      "resolved": "https://registry.npmjs.org/ejs/-/ejs-2.6.1.tgz",
      "integrity": "sha512-0xy4A/twfrRCnkhfk8ErDi5DqdAsAqeGxht4xkCUrsvhhbQNs7E+4jV0CN7+NKIY0aHE72+XvqtBIXzD31ZbXQ=="
    },
    "encodeurl": {
      "version": "1.0.2",
      "resolved": "https://registry.npmjs.org/encodeurl/-/encodeurl-1.0.2.tgz",
      "integrity": "sha1-rT/0yG7C0CkyL1oCw6mmBslbP1k="
    },
    "es6-promise": {
      "version": "3.2.1",
      "resolved": "https://registry.npmjs.org/es6-promise/-/es6-promise-3.2.1.tgz",
      "integrity": "sha1-7FYjOGgDKQkgcXDDlEjiREndH8Q="
    },
    "escape-html": {
      "version": "1.0.3",
      "resolved": "https://registry.npmjs.org/escape-html/-/escape-html-1.0.3.tgz",
      "integrity": "sha1-Aljq5NPQwJdN4cFpGI7wBR0dGYg="
    },
    "etag": {
      "version": "1.8.1",
      "resolved": "https://registry.npmjs.org/etag/-/etag-1.8.1.tgz",
      "integrity": "sha1-Qa4u62XvpiJorr/qg6x9eSmbCIc="
    },
    "expect-ct": {
      "version": "0.1.1",
      "resolved": "https://registry.npmjs.org/expect-ct/-/expect-ct-0.1.1.tgz",
      "integrity": "sha512-ngXzTfoRGG7fYens3/RMb6yYoVLvLMfmsSllP/mZPxNHgFq41TmPSLF/nLY7fwoclI2vElvAmILFWGUYqdjfCg=="
    },
    "express": {
      "version": "4.16.4",
      "resolved": "https://registry.npmjs.org/express/-/express-4.16.4.tgz",
      "integrity": "sha512-j12Uuyb4FMrd/qQAm6uCHAkPtO8FDTRJZBDd5D2KOL2eLaz1yUNdUB/NOIyq0iU4q4cFarsUCrnFDPBcnksuOg==",
      "requires": {
        "accepts": "~1.3.5",
        "array-flatten": "1.1.1",
        "body-parser": "1.18.3",
        "content-disposition": "0.5.2",
        "content-type": "~1.0.4",
        "cookie": "0.3.1",
        "cookie-signature": "1.0.6",
        "debug": "2.6.9",
        "depd": "~1.1.2",
        "encodeurl": "~1.0.2",
        "escape-html": "~1.0.3",
        "etag": "~1.8.1",
        "finalhandler": "1.1.1",
        "fresh": "0.5.2",
        "merge-descriptors": "1.0.1",
        "methods": "~1.1.2",
        "on-finished": "~2.3.0",
        "parseurl": "~1.3.2",
        "path-to-regexp": "0.1.7",
        "proxy-addr": "~2.0.4",
        "qs": "6.5.2",
        "range-parser": "~1.2.0",
        "safe-buffer": "5.1.2",
        "send": "0.16.2",
        "serve-static": "1.13.2",
        "setprototypeof": "1.1.0",
        "statuses": "~1.4.0",
        "type-is": "~1.6.16",
        "utils-merge": "1.0.1",
        "vary": "~1.1.2"
      },
      "dependencies": {
        "statuses": {
          "version": "1.4.0",
          "resolved": "https://registry.npmjs.org/statuses/-/statuses-1.4.0.tgz",
          "integrity": "sha512-zhSCtt8v2NDrRlPQpCNtw/heZLtfUDqxBM1udqikb/Hbk52LK4nQSwr10u77iopCW5LsyHpuXS0GnEc48mLeew=="
        }
      }
    },
    "express-session": {
      "version": "1.15.6",
      "resolved": "https://registry.npmjs.org/express-session/-/express-session-1.15.6.tgz",
      "integrity": "sha512-r0nrHTCYtAMrFwZ0kBzZEXa1vtPVrw0dKvGSrKP4dahwBQ1BJpF2/y1Pp4sCD/0kvxV4zZeclyvfmw0B4RMJQA==",
      "requires": {
        "cookie": "0.3.1",
        "cookie-signature": "1.0.6",
        "crc": "3.4.4",
        "debug": "2.6.9",
        "depd": "~1.1.1",
        "on-headers": "~1.0.1",
        "parseurl": "~1.3.2",
        "uid-safe": "~2.1.5",
        "utils-merge": "1.0.1"
      },
      "dependencies": {
        "uid-safe": {
          "version": "2.1.5",
          "resolved": "https://registry.npmjs.org/uid-safe/-/uid-safe-2.1.5.tgz",
          "integrity": "sha512-KPHm4VL5dDXKz01UuEd88Df+KzynaohSL9fBh096KWAxSKZQDI2uBrVqtvRM4rwrIrRRKsdLNML/lnaaVSRioA==",
          "requires": {
            "random-bytes": "~1.0.0"
          }
        }
      }
    },
    "feature-policy": {
      "version": "0.2.0",
      "resolved": "https://registry.npmjs.org/feature-policy/-/feature-policy-0.2.0.tgz",
      "integrity": "sha512-2hGrlv6efG4hscYVZeaYjpzpT6I2OZgYqE2yDUzeAcKj2D1SH0AsEzqJNXzdoglEddcIXQQYop3lD97XpG75Jw=="
    },
    "finalhandler": {
      "version": "1.1.1",
      "resolved": "https://registry.npmjs.org/finalhandler/-/finalhandler-1.1.1.tgz",
      "integrity": "sha512-Y1GUDo39ez4aHAw7MysnUD5JzYX+WaIj8I57kO3aEPT1fFRL4sr7mjei97FgnwhAyyzRYmQZaTHb2+9uZ1dPtg==",
      "requires": {
        "debug": "2.6.9",
        "encodeurl": "~1.0.2",
        "escape-html": "~1.0.3",
        "on-finished": "~2.3.0",
        "parseurl": "~1.3.2",
        "statuses": "~1.4.0",
        "unpipe": "~1.0.0"
      },
      "dependencies": {
        "statuses": {
          "version": "1.4.0",
          "resolved": "https://registry.npmjs.org/statuses/-/statuses-1.4.0.tgz",
          "integrity": "sha512-zhSCtt8v2NDrRlPQpCNtw/heZLtfUDqxBM1udqikb/Hbk52LK4nQSwr10u77iopCW5LsyHpuXS0GnEc48mLeew=="
        }
      }
    },
    "forwarded": {
      "version": "0.1.2",
      "resolved": "https://registry.npmjs.org/forwarded/-/forwarded-0.1.2.tgz",
      "integrity": "sha1-mMI9qxF1ZXuMBXPozszZGw/xjIQ="
    },
    "frameguard": {
      "version": "3.0.0",
      "resolved": "https://registry.npmjs.org/frameguard/-/frameguard-3.0.0.tgz",
      "integrity": "sha1-e8rUae57lukdEs6zlZx4I1qScuk="
    },
    "fresh": {
      "version": "0.5.2",
      "resolved": "https://registry.npmjs.org/fresh/-/fresh-0.5.2.tgz",
      "integrity": "sha1-PYyt2Q2XZWn6g1qx+OSyOhBWBac="
    },
    "helmet": {
      "version": "3.15.1",
      "resolved": "https://registry.npmjs.org/helmet/-/helmet-3.15.1.tgz",
      "integrity": "sha512-hgoNe/sjKlKNvJ3g9Gz149H14BjMMWOCmW/DTXl7IfyKGtIK37GePwZrHNfr4aPXdKVyXcTj26RgRFbPKDy9lw==",
      "requires": {
        "depd": "2.0.0",
        "dns-prefetch-control": "0.1.0",
        "dont-sniff-mimetype": "1.0.0",
        "expect-ct": "0.1.1",
        "feature-policy": "0.2.0",
        "frameguard": "3.0.0",
        "helmet-crossdomain": "0.3.0",
        "helmet-csp": "2.7.1",
        "hide-powered-by": "1.0.0",
        "hpkp": "2.0.0",
        "hsts": "2.1.0",
        "ienoopen": "1.0.0",
        "nocache": "2.0.0",
        "referrer-policy": "1.1.0",
        "x-xss-protection": "1.1.0"
      },
      "dependencies": {
        "depd": {
          "version": "2.0.0",
          "resolved": "https://registry.npmjs.org/depd/-/depd-2.0.0.tgz",
          "integrity": "sha512-g7nH6P6dyDioJogAAGprGpCtVImJhpPk/roCzdb3fIh61/s/nPsfR6onyMwkCAR/OlC3yBC0lESvUoQEAssIrw=="
        }
      }
    },
    "helmet-crossdomain": {
      "version": "0.3.0",
      "resolved": "https://registry.npmjs.org/helmet-crossdomain/-/helmet-crossdomain-0.3.0.tgz",
      "integrity": "sha512-YiXhj0E35nC4Na5EPE4mTfoXMf9JTGpN4OtB4aLqShKuH9d2HNaJX5MQoglO6STVka0uMsHyG5lCut5Kzsy7Lg=="
    },
    "helmet-csp": {
      "version": "2.7.1",
      "resolved": "https://registry.npmjs.org/helmet-csp/-/helmet-csp-2.7.1.tgz",
      "integrity": "sha512-sCHwywg4daQ2mY0YYwXSZRsgcCeerUwxMwNixGA7aMLkVmPTYBl7gJoZDHOZyXkqPrtuDT3s2B1A+RLI7WxSdQ==",
      "requires": {
        "camelize": "1.0.0",
        "content-security-policy-builder": "2.0.0",
        "dasherize": "2.0.0",
        "platform": "1.3.5"
      }
    },
    "hide-powered-by": {
      "version": "1.0.0",
      "resolved": "https://registry.npmjs.org/hide-powered-by/-/hide-powered-by-1.0.0.tgz",
      "integrity": "sha1-SoWtZYgfYoV/xwr3F0oRhNzM4ys="
    },
    "hooks-fixed": {
      "version": "2.0.2",
      "resolved": "https://registry.npmjs.org/hooks-fixed/-/hooks-fixed-2.0.2.tgz",
      "integrity": "sha512-YurCM4gQSetcrhwEtpQHhQ4M7Zo7poNGqY4kQGeBS6eZtOcT3tnNs01ThFa0jYBByAiYt1MjMjP/YApG0EnAvQ=="
    },
    "hpkp": {
      "version": "2.0.0",
      "resolved": "https://registry.npmjs.org/hpkp/-/hpkp-2.0.0.tgz",
      "integrity": "sha1-EOFCJk52IVpdMMROxD3mTe5tFnI="
    },
    "hsts": {
      "version": "2.1.0",
      "resolved": "https://registry.npmjs.org/hsts/-/hsts-2.1.0.tgz",
      "integrity": "sha512-zXhh/DqgrTXJ7erTN6Fh5k/xjMhDGXCqdYN3wvxUvGUQvnxcFfUd8E+6vLg/nk3ss1TYMb+DhRl25fYABioTvA=="
    },
    "http-errors": {
      "version": "1.6.3",
      "resolved": "https://registry.npmjs.org/http-errors/-/http-errors-1.6.3.tgz",
      "integrity": "sha1-i1VoC7S+KDoLW/TqLjhYC+HZMg0=",
      "requires": {
        "depd": "~1.1.2",
        "inherits": "2.0.3",
        "setprototypeof": "1.1.0",
        "statuses": ">= 1.4.0 < 2"
      }
    },
    "iconv-lite": {
      "version": "0.4.23",
      "resolved": "https://registry.npmjs.org/iconv-lite/-/iconv-lite-0.4.23.tgz",
      "integrity": "sha512-neyTUVFtahjf0mB3dZT77u+8O0QB89jFdnBkd5P1JgYPbPaia3gXXOVL2fq8VyU2gMMD7SaN7QukTB/pmXYvDA==",
      "requires": {
        "safer-buffer": ">= 2.1.2 < 3"
      }
    },
    "ienoopen": {
      "version": "1.0.0",
      "resolved": "https://registry.npmjs.org/ienoopen/-/ienoopen-1.0.0.tgz",
      "integrity": "sha1-NGpCj0dKrI9QzzeE6i0PFvYr2ms="
    },
    "inherits": {
      "version": "2.0.3",
      "resolved": "https://registry.npmjs.org/inherits/-/inherits-2.0.3.tgz",
      "integrity": "sha1-Yzwsg+PaQqUC9SRmAiSA9CCCYd4="
    },
    "ipaddr.js": {
      "version": "1.8.0",
      "resolved": "https://registry.npmjs.org/ipaddr.js/-/ipaddr.js-1.8.0.tgz",
      "integrity": "sha1-6qM9bd16zo9/b+DJygRA5wZzix4="
    },
    "isarray": {
      "version": "1.0.0",
      "resolved": "https://registry.npmjs.org/isarray/-/isarray-1.0.0.tgz",
      "integrity": "sha1-u5NdSFgsuhaMBoNJV6VKPgcSTxE="
    },
    "kareem": {
      "version": "1.5.0",
      "resolved": "https://registry.npmjs.org/kareem/-/kareem-1.5.0.tgz",
      "integrity": "sha1-4+QQHZ3P3imXadr0tNtk2JXRdEg="
    },
    "lodash": {
      "version": "4.17.11",
      "resolved": "https://registry.npmjs.org/lodash/-/lodash-4.17.11.tgz",
      "integrity": "sha512-cQKh8igo5QUhZ7lg38DYWAxMvjSAKG0A8wGSVimP07SIUEK2UO+arSRKbRZWtelMtN5V0Hkwh5ryOto/SshYIg=="
    },
    "lodash.get": {
      "version": "4.4.2",
      "resolved": "https://registry.npmjs.org/lodash.get/-/lodash.get-4.4.2.tgz",
      "integrity": "sha1-LRd/ZS+jHpObRDjVNBSZ36OCXpk="
    },
    "media-typer": {
      "version": "0.3.0",
      "resolved": "https://registry.npmjs.org/media-typer/-/media-typer-0.3.0.tgz",
      "integrity": "sha1-hxDXrwqmJvj/+hzgAWhUUmMlV0g="
    },
    "merge-descriptors": {
      "version": "1.0.1",
      "resolved": "https://registry.npmjs.org/merge-descriptors/-/merge-descriptors-1.0.1.tgz",
      "integrity": "sha1-sAqqVW3YtEVoFQ7J0blT8/kMu2E="
    },
    "methods": {
      "version": "1.1.2",
      "resolved": "https://registry.npmjs.org/methods/-/methods-1.1.2.tgz",
      "integrity": "sha1-VSmk1nZUE07cxSZmVoNbD4Ua/O4="
    },
    "mime": {
      "version": "1.4.1",
      "resolved": "https://registry.npmjs.org/mime/-/mime-1.4.1.tgz",
      "integrity": "sha512-KI1+qOZu5DcW6wayYHSzR/tXKCDC5Om4s1z2QJjDULzLcmf3DvzS7oluY4HCTrc+9FiKmWUgeNLg7W3uIQvxtQ=="
    },
    "mime-db": {
      "version": "1.38.0",
      "resolved": "https://registry.npmjs.org/mime-db/-/mime-db-1.38.0.tgz",
      "integrity": "sha512-bqVioMFFzc2awcdJZIzR3HjZFX20QhilVS7hytkKrv7xFAn8bM1gzc/FOX2awLISvWe0PV8ptFKcon+wZ5qYkg=="
    },
    "mime-types": {
      "version": "2.1.22",
      "resolved": "https://registry.npmjs.org/mime-types/-/mime-types-2.1.22.tgz",
      "integrity": "sha512-aGl6TZGnhm/li6F7yx82bJiBZwgiEa4Hf6CNr8YO+r5UHr53tSTYZb102zyU50DOWWKeOv0uQLRL0/9EiKWCog==",
      "requires": {
        "mime-db": "~1.38.0"
      }
    },
    "mongodb": {
      "version": "2.2.34",
      "resolved": "https://registry.npmjs.org/mongodb/-/mongodb-2.2.34.tgz",
      "integrity": "sha1-o09Zu+thdUrsQy3nLD/iFSakTBo=",
      "requires": {
        "es6-promise": "3.2.1",
        "mongodb-core": "2.1.18",
        "readable-stream": "2.2.7"
      }
    },
    "mongodb-core": {
      "version": "2.1.18",
      "resolved": "https://registry.npmjs.org/mongodb-core/-/mongodb-core-2.1.18.tgz",
      "integrity": "sha1-TEYTm986HwMt7ZHbSfOO7AFlkFA=",
      "requires": {
        "bson": "~1.0.4",
        "require_optional": "~1.0.0"
      }
    },
    "mongoose": {
      "version": "4.13.18",
      "resolved": "https://registry.npmjs.org/mongoose/-/mongoose-4.13.18.tgz",
      "integrity": "sha512-pPZlVID+/9xl0pyBibr7CZbjYKzpJZuw58TdWwIxr3ydO/OUZqhX1kUEAQIzsOJVSsL6GnD1fb54reO35jvLtw==",
      "requires": {
        "async": "2.6.0",
        "bson": "~1.0.4",
        "hooks-fixed": "2.0.2",
        "kareem": "1.5.0",
        "lodash.get": "4.4.2",
        "mongodb": "2.2.34",
        "mpath": "0.5.1",
        "mpromise": "0.5.5",
        "mquery": "2.3.3",
        "ms": "2.0.0",
        "muri": "1.3.0",
        "regexp-clone": "0.0.1",
        "sliced": "1.0.1"
      }
    },
    "morgan": {
      "version": "1.9.1",
      "resolved": "https://registry.npmjs.org/morgan/-/morgan-1.9.1.tgz",
      "integrity": "sha512-HQStPIV4y3afTiCYVxirakhlCfGkI161c76kKFca7Fk1JusM//Qeo1ej2XaMniiNeaZklMVrh3vTtIzpzwbpmA==",
      "requires": {
        "basic-auth": "~2.0.0",
        "debug": "2.6.9",
        "depd": "~1.1.2",
        "on-finished": "~2.3.0",
        "on-headers": "~1.0.1"
      }
    },
    "mpath": {
      "version": "0.5.1",
      "resolved": "https://registry.npmjs.org/mpath/-/mpath-0.5.1.tgz",
      "integrity": "sha512-H8OVQ+QEz82sch4wbODFOz+3YQ61FYz/z3eJ5pIdbMEaUzDqA268Wd+Vt4Paw9TJfvDgVKaayC0gBzMIw2jhsg=="
    },
    "mpromise": {
      "version": "0.5.5",
      "resolved": "https://registry.npmjs.org/mpromise/-/mpromise-0.5.5.tgz",
      "integrity": "sha1-9bJCWddjrMIlewoMjG2Gb9UXMuY="
    },
    "mquery": {
      "version": "2.3.3",
      "resolved": "https://registry.npmjs.org/mquery/-/mquery-2.3.3.tgz",
      "integrity": "sha512-NC8L14kn+qxJbbJ1gbcEMDxF0sC3sv+1cbRReXXwVvowcwY1y9KoVZFq0ebwARibsadu8lx8nWGvm3V0Pf0ZWQ==",
      "requires": {
        "bluebird": "3.5.0",
        "debug": "2.6.9",
        "regexp-clone": "0.0.1",
        "sliced": "0.0.5"
      },
      "dependencies": {
        "sliced": {
          "version": "0.0.5",
          "resolved": "https://registry.npmjs.org/sliced/-/sliced-0.0.5.tgz",
          "integrity": "sha1-XtwETKTrb3gW1Qui/GPiXY/kcH8="
        }
      }
    },
    "ms": {
      "version": "2.0.0",
      "resolved": "https://registry.npmjs.org/ms/-/ms-2.0.0.tgz",
      "integrity": "sha1-VgiurfwAvmwpAd9fmGF4jeDVl8g="
    },
    "muri": {
      "version": "1.3.0",
      "resolved": "https://registry.npmjs.org/muri/-/muri-1.3.0.tgz",
      "integrity": "sha512-FiaFwKl864onHFFUV/a2szAl7X0fxVlSKNdhTf+BM8i8goEgYut8u5P9MqQqIYwvaMxjzVESsoEm/2kfkFH1rg=="
    },
    "negotiator": {
      "version": "0.6.1",
      "resolved": "https://registry.npmjs.org/negotiator/-/negotiator-0.6.1.tgz",
      "integrity": "sha1-KzJxhOiZIQEXeyhWP7XnECrNDKk="
    },
    "nocache": {
      "version": "2.0.0",
      "resolved": "https://registry.npmjs.org/nocache/-/nocache-2.0.0.tgz",
      "integrity": "sha1-ICtIAhoMTL3i34DeFaF0Q8i0OYA="
    },
    "on-finished": {
      "version": "2.3.0",
      "resolved": "https://registry.npmjs.org/on-finished/-/on-finished-2.3.0.tgz",
      "integrity": "sha1-IPEzZIGwg811M3mSoWlxqi2QaUc=",
      "requires": {
        "ee-first": "1.1.1"
      }
    },
    "on-headers": {
      "version": "1.0.2",
      "resolved": "https://registry.npmjs.org/on-headers/-/on-headers-1.0.2.tgz",
      "integrity": "sha512-pZAE+FJLoyITytdqK0U5s+FIpjN0JP3OzFi/u8Rx+EV5/W+JTWGXG8xFzevE7AjBfDqHv/8vL8qQsIhHnqRkrA=="
    },
    "parseurl": {
      "version": "1.3.2",
      "resolved": "https://registry.npmjs.org/parseurl/-/parseurl-1.3.2.tgz",
      "integrity": "sha1-/CidTtiZMRlGDBViUyYs3I3mW/M="
    },
    "path-to-regexp": {
      "version": "0.1.7",
      "resolved": "https://registry.npmjs.org/path-to-regexp/-/path-to-regexp-0.1.7.tgz",
      "integrity": "sha1-32BBeABfUi8V60SQ5yR6G/qmf4w="
    },
    "platform": {
      "version": "1.3.5",
      "resolved": "https://registry.npmjs.org/platform/-/platform-1.3.5.tgz",
      "integrity": "sha512-TuvHS8AOIZNAlE77WUDiR4rySV/VMptyMfcfeoMgs4P8apaZM3JrnbzBiixKUv+XR6i+BXrQh8WAnjaSPFO65Q=="
    },
    "process-nextick-args": {
      "version": "1.0.7",
      "resolved": "https://registry.npmjs.org/process-nextick-args/-/process-nextick-args-1.0.7.tgz",
      "integrity": "sha1-FQ4gt1ZZCtP5EJPyWk8q2L/zC6M="
    },
    "proxy-addr": {
      "version": "2.0.4",
      "resolved": "https://registry.npmjs.org/proxy-addr/-/proxy-addr-2.0.4.tgz",
      "integrity": "sha512-5erio2h9jp5CHGwcybmxmVqHmnCBZeewlfJ0pex+UW7Qny7OOZXTtH56TGNyBizkgiOwhJtMKrVzDTeKcySZwA==",
      "requires": {
        "forwarded": "~0.1.2",
        "ipaddr.js": "1.8.0"
      }
    },
    "qs": {
      "version": "6.5.2",
      "resolved": "https://registry.npmjs.org/qs/-/qs-6.5.2.tgz",
      "integrity": "sha512-N5ZAX4/LxJmF+7wN74pUD6qAh9/wnvdQcjq9TZjevvXzSUo7bfmw91saqMjzGS2xq91/odN2dW/WOl7qQHNDGA=="
    },
    "random-bytes": {
      "version": "1.0.0",
      "resolved": "https://registry.npmjs.org/random-bytes/-/random-bytes-1.0.0.tgz",
      "integrity": "sha1-T2ih3Arli9P7lYSMMDJNt11kNgs="
    },
    "range-parser": {
      "version": "1.2.0",
      "resolved": "https://registry.npmjs.org/range-parser/-/range-parser-1.2.0.tgz",
      "integrity": "sha1-9JvmtIeJTdxA3MlKMi9hEJLgDV4="
    },
    "raw-body": {
      "version": "2.3.3",
      "resolved": "https://registry.npmjs.org/raw-body/-/raw-body-2.3.3.tgz",
      "integrity": "sha512-9esiElv1BrZoI3rCDuOuKCBRbuApGGaDPQfjSflGxdy4oyzqghxu6klEkkVIvBje+FF0BX9coEv8KqW6X/7njw==",
      "requires": {
        "bytes": "3.0.0",
        "http-errors": "1.6.3",
        "iconv-lite": "0.4.23",
        "unpipe": "1.0.0"
      }
    },
    "readable-stream": {
      "version": "2.2.7",
      "resolved": "https://registry.npmjs.org/readable-stream/-/readable-stream-2.2.7.tgz",
      "integrity": "sha1-BwV6y+JGeyIELTb5jFrVBwVOlbE=",
      "requires": {
        "buffer-shims": "~1.0.0",
        "core-util-is": "~1.0.0",
        "inherits": "~2.0.1",
        "isarray": "~1.0.0",
        "process-nextick-args": "~1.0.6",
        "string_decoder": "~1.0.0",
        "util-deprecate": "~1.0.1"
      }
    },
    "referrer-policy": {
      "version": "1.1.0",
      "resolved": "https://registry.npmjs.org/referrer-policy/-/referrer-policy-1.1.0.tgz",
      "integrity": "sha1-NXdOtzW/UPtsB46DM0tHI1AgfXk="
    },
    "regexp-clone": {
      "version": "0.0.1",
      "resolved": "https://registry.npmjs.org/regexp-clone/-/regexp-clone-0.0.1.tgz",
      "integrity": "sha1-p8LgmJH9vzj7sQ03b7cwA+aKxYk="
    },
    "require_optional": {
      "version": "1.0.1",
      "resolved": "https://registry.npmjs.org/require_optional/-/require_optional-1.0.1.tgz",
      "integrity": "sha512-qhM/y57enGWHAe3v/NcwML6a3/vfESLe/sGM2dII+gEO0BpKRUkWZow/tyloNqJyN6kXSl3RyyM8Ll5D/sJP8g==",
      "requires": {
        "resolve-from": "^2.0.0",
        "semver": "^5.1.0"
      }
    },
    "resolve-from": {
      "version": "2.0.0",
      "resolved": "https://registry.npmjs.org/resolve-from/-/resolve-from-2.0.0.tgz",
      "integrity": "sha1-lICrIOlP+h2egKgEx+oUdhGWa1c="
    },
    "rndm": {
      "version": "1.2.0",
      "resolved": "https://registry.npmjs.org/rndm/-/rndm-1.2.0.tgz",
      "integrity": "sha1-8z/pz7Urv9UgqhgyO8ZdsRCht2w="
    },
    "safe-buffer": {
      "version": "5.1.2",
      "resolved": "https://registry.npmjs.org/safe-buffer/-/safe-buffer-5.1.2.tgz",
      "integrity": "sha512-Gd2UZBJDkXlY7GbJxfsE8/nvKkUEU1G38c1siN6QP6a9PT9MmHB8GnpscSmMJSoF8LOIrt8ud/wPtojys4G6+g=="
    },
    "safer-buffer": {
      "version": "2.1.2",
      "resolved": "https://registry.npmjs.org/safer-buffer/-/safer-buffer-2.1.2.tgz",
      "integrity": "sha512-YZo3K82SD7Riyi0E1EQPojLz7kpepnSQI9IyPbHHg1XXXevb5dJI7tpyN2ADxGcQbHG7vcyRHk0cbwqcQriUtg=="
    },
    "semver": {
      "version": "5.6.0",
      "resolved": "https://registry.npmjs.org/semver/-/semver-5.6.0.tgz",
      "integrity": "sha512-RS9R6R35NYgQn++fkDWaOmqGoj4Ek9gGs+DPxNUZKuwE183xjJroKvyo1IzVFeXvUrvmALy6FWD5xrdJT25gMg=="
    },
    "send": {
      "version": "0.16.2",
      "resolved": "https://registry.npmjs.org/send/-/send-0.16.2.tgz",
      "integrity": "sha512-E64YFPUssFHEFBvpbbjr44NCLtI1AohxQ8ZSiJjQLskAdKuriYEP6VyGEsRDH8ScozGpkaX1BGvhanqCwkcEZw==",
      "requires": {
        "debug": "2.6.9",
        "depd": "~1.1.2",
        "destroy": "~1.0.4",
        "encodeurl": "~1.0.2",
        "escape-html": "~1.0.3",
        "etag": "~1.8.1",
        "fresh": "0.5.2",
        "http-errors": "~1.6.2",
        "mime": "1.4.1",
        "ms": "2.0.0",
        "on-finished": "~2.3.0",
        "range-parser": "~1.2.0",
        "statuses": "~1.4.0"
      },
      "dependencies": {
        "statuses": {
          "version": "1.4.0",
          "resolved": "https://registry.npmjs.org/statuses/-/statuses-1.4.0.tgz",
          "integrity": "sha512-zhSCtt8v2NDrRlPQpCNtw/heZLtfUDqxBM1udqikb/Hbk52LK4nQSwr10u77iopCW5LsyHpuXS0GnEc48mLeew=="
        }
      }
    },
    "serve-static": {
      "version": "1.13.2",
      "resolved": "https://registry.npmjs.org/serve-static/-/serve-static-1.13.2.tgz",
      "integrity": "sha512-p/tdJrO4U387R9oMjb1oj7qSMaMfmOyd4j9hOFoxZe2baQszgHcSWjuya/CiT5kgZZKRudHNOA0pYXOl8rQ5nw==",
      "requires": {
        "encodeurl": "~1.0.2",
        "escape-html": "~1.0.3",
        "parseurl": "~1.3.2",
        "send": "0.16.2"
      }
    },
    "setprototypeof": {
      "version": "1.1.0",
      "resolved": "https://registry.npmjs.org/setprototypeof/-/setprototypeof-1.1.0.tgz",
      "integrity": "sha512-BvE/TwpZX4FXExxOxZyRGQQv651MSwmWKZGqvmPcRIjDqWub67kTKuIMx43cZZrS/cBBzwBcNDWoFxt2XEFIpQ=="
    },
    "sliced": {
      "version": "1.0.1",
      "resolved": "https://registry.npmjs.org/sliced/-/sliced-1.0.1.tgz",
      "integrity": "sha1-CzpmK10Ewxd7GSa+qCsD+Dei70E="
    },
    "statuses": {
      "version": "1.5.0",
      "resolved": "https://registry.npmjs.org/statuses/-/statuses-1.5.0.tgz",
      "integrity": "sha1-Fhx9rBd2Wf2YEfQ3cfqZOBR4Yow="
    },
    "string_decoder": {
      "version": "1.0.3",
      "resolved": "https://registry.npmjs.org/string_decoder/-/string_decoder-1.0.3.tgz",
      "integrity": "sha512-4AH6Z5fzNNBcH+6XDMfA/BTt87skxqJlO0lAh3Dker5zThcAxG6mKz+iGu308UKoPPQ8Dcqx/4JhujzltRa+hQ==",
      "requires": {
        "safe-buffer": "~5.1.0"
      }
    },
    "tsscmp": {
      "version": "1.0.5",
      "resolved": "https://registry.npmjs.org/tsscmp/-/tsscmp-1.0.5.tgz",
      "integrity": "sha1-fcSjOvcVgatDN9qR2FylQn69mpc="
    },
    "type-is": {
      "version": "1.6.16",
      "resolved": "https://registry.npmjs.org/type-is/-/type-is-1.6.16.tgz",
      "integrity": "sha512-HRkVv/5qY2G6I8iab9cI7v1bOIdhm94dVjQCPFElW9W+3GeDOSHmy2EBYe4VTApuzolPcmgFTN3ftVJRKR2J9Q==",
      "requires": {
        "media-typer": "0.3.0",
        "mime-types": "~2.1.18"
      }
    },
    "uid-safe": {
      "version": "2.1.4",
      "resolved": "https://registry.npmjs.org/uid-safe/-/uid-safe-2.1.4.tgz",
      "integrity": "sha1-Otbzg2jG1MjHXsF2I/t5qh0HHYE=",
      "requires": {
        "random-bytes": "~1.0.0"
      }
    },
    "unpipe": {
      "version": "1.0.0",
      "resolved": "https://registry.npmjs.org/unpipe/-/unpipe-1.0.0.tgz",
      "integrity": "sha1-sr9O6FFKrmFltIF4KdIbLvSZBOw="
    },
    "util-deprecate": {
      "version": "1.0.2",
      "resolved": "https://registry.npmjs.org/util-deprecate/-/util-deprecate-1.0.2.tgz",
      "integrity": "sha1-RQ1Nyfpw3nMnYvvS1KKJgUGaDM8="
    },
    "utils-merge": {
      "version": "1.0.1",
      "resolved": "https://registry.npmjs.org/utils-merge/-/utils-merge-1.0.1.tgz",
      "integrity": "sha1-n5VxD1CiZ5R7LMwSR0HBAoQn5xM="
    },
    "vary": {
      "version": "1.1.2",
      "resolved": "https://registry.npmjs.org/vary/-/vary-1.1.2.tgz",
      "integrity": "sha1-IpnwLG3tMNSllhsLn3RSShj2NPw="
    },
    "x-xss-protection": {
      "version": "1.1.0",
      "resolved": "https://registry.npmjs.org/x-xss-protection/-/x-xss-protection-1.1.0.tgz",
      "integrity": "sha512-rx3GzJlgEeZ08MIcDsU2vY2B1QEriUKJTSiNHHUIem6eg9pzVOr2TL3Y4Pd6TMAM5D5azGjcxqI62piITBDHVg=="
    }
  }
}
